
Microsoft Visual Studio Solution File, Format Version 12.00
# Visual Studio 2013
Project("{8BC9CEB8-8B4A-11D0-8D11-00A0C91BC942}") = "Survive", "Survive.vcxproj", "{6956A018-CBCD-4591-A3E0-09C0ED76B57A}"
EndProject
Global
	GlobalSection(SolutionConfigurationPlatforms) = preSolution
		Debug|Win32 = Debug|Win32
		Release|Win32 = Release|Win32
	EndGlobalSection
	GlobalSection(ProjectConfigurationPlatforms) = postSolution
		{6956A018-CBCD-4591-A3E0-09C0ED76B57A}.Debug|Win32.ActiveCfg = Debug|Win32
		{6956A018-CBCD-4591-A3E0-09C0ED76B57A}.Debug|Win32.Build.0 = Debug|Win32
		{6956A018-CBCD-4591-A3E0-09C0ED76B57A}.Release|Win32.ActiveCfg = Release|Win32
		{6956A018-CBCD-4591-A3E0-09C0ED76B57A}.Release|Win32.Build.0 = Release|Win32
	EndGlobalSection
	GlobalSection(SolutionProperties) = preSolution
		HideSolutionNode = FALSE
	EndGlobalSection
EndGlobal
